// !$*UTF8*$!
{
	archiveVersion = 1;
	classes = {
	};
	objectVersion = 55;
	objects = {

/* Begin PBXBuildFile section */
		BD04C6192872EBB600410DD8 /* Casualties.swift in Sources */ = {isa = PBXBuildFile; fileRef = BD04C6182872EBB600410DD8 /* Casualties.swift */; };
		BD04C61D2873030600410DD8 /* ListCollectionViewCell.swift in Sources */ = {isa = PBXBuildFile; fileRef = BD04C61B2873030600410DD8 /* ListCollectionViewCell.swift */; };
		BD04C61E2873030600410DD8 /* ListCollectionViewCell.xib in Resources */ = {isa = PBXBuildFile; fileRef = BD04C61C2873030600410DD8 /* ListCollectionViewCell.xib */; };
		BD04C62328731A1900410DD8 /* HeaderReusableView.swift in Sources */ = {isa = PBXBuildFile; fileRef = BD04C62128731A1900410DD8 /* HeaderReusableView.swift */; };
		BD04C62428731A1900410DD8 /* HeaderReusableView.xib in Resources */ = {isa = PBXBuildFile; fileRef = BD04C62228731A1900410DD8 /* HeaderReusableView.xib */; };
		BDB9896C28721B6E004FAE1A /* CustomError.swift in Sources */ = {isa = PBXBuildFile; fileRef = BDB9896B28721B6E004FAE1A /* CustomError.swift */; };
		BDF232EB28718C1800DA1E25 /* AppDelegate.swift in Sources */ = {isa = PBXBuildFile; fileRef = BDF232EA28718C1800DA1E25 /* AppDelegate.swift */; };
		BDF232EF28718C1800DA1E25 /* CategoryViewController.swift in Sources */ = {isa = PBXBuildFile; fileRef = BDF232EE28718C1800DA1E25 /* CategoryViewController.swift */; };
		BDF232F228718C1800DA1E25 /* Main.storyboard in Resources */ = {isa = PBXBuildFile; fileRef = BDF232F028718C1800DA1E25 /* Main.storyboard */; };
		BDF232F428718C1900DA1E25 /* Assets.xcassets in Resources */ = {isa = PBXBuildFile; fileRef = BDF232F328718C1900DA1E25 /* Assets.xcassets */; };
		BDF232F728718C1900DA1E25 /* LaunchScreen.storyboard in Resources */ = {isa = PBXBuildFile; fileRef = BDF232F528718C1900DA1E25 /* LaunchScreen.storyboard */; };
		BDF2330328718DDD00DA1E25 /* DetailViewController.swift in Sources */ = {isa = PBXBuildFile; fileRef = BDF2330228718DDD00DA1E25 /* DetailViewController.swift */; };
		BDF2330928718E7F00DA1E25 /* ListViewController.swift in Sources */ = {isa = PBXBuildFile; fileRef = BDF2330828718E7F00DA1E25 /* ListViewController.swift */; };
		BDF23310287194EF00DA1E25 /* AppCoordinator.swift in Sources */ = {isa = PBXBuildFile; fileRef = BDF2330F287194EF00DA1E25 /* AppCoordinator.swift */; };
		BDF233122871950600DA1E25 /* Storybordable.swift in Sources */ = {isa = PBXBuildFile; fileRef = BDF233112871950600DA1E25 /* Storybordable.swift */; };
		BDF23314287195B100DA1E25 /* Coordinator.swift in Sources */ = {isa = PBXBuildFile; fileRef = BDF23313287195B100DA1E25 /* Coordinator.swift */; };
		BDF233172871B2E000DA1E25 /* Equipment.swift in Sources */ = {isa = PBXBuildFile; fileRef = BDF233162871B2E000DA1E25 /* Equipment.swift */; };
		BDF233192871B2F200DA1E25 /* Personnel.swift in Sources */ = {isa = PBXBuildFile; fileRef = BDF233182871B2F200DA1E25 /* Personnel.swift */; };
		BDF2331C2871C1D800DA1E25 /* DataManager.swift in Sources */ = {isa = PBXBuildFile; fileRef = BDF2331B2871C1D800DA1E25 /* DataManager.swift */; };
		BDF2331F2871EBBC00DA1E25 /* russia_losses_personnel.json in Resources */ = {isa = PBXBuildFile; fileRef = BDF2331D2871EBBC00DA1E25 /* russia_losses_personnel.json */; };
		BDF233202871EBBC00DA1E25 /* russia_losses_equipment.json in Resources */ = {isa = PBXBuildFile; fileRef = BDF2331E2871EBBC00DA1E25 /* russia_losses_equipment.json */; };
		BDF233252871EE8800DA1E25 /* CategoryTableViewCell.swift in Sources */ = {isa = PBXBuildFile; fileRef = BDF233232871EE8800DA1E25 /* CategoryTableViewCell.swift */; };
		BDF233262871EE8800DA1E25 /* CategoryTableViewCell.xib in Resources */ = {isa = PBXBuildFile; fileRef = BDF233242871EE8800DA1E25 /* CategoryTableViewCell.xib */; };
		BDF233282871EFB200DA1E25 /* Category.swift in Sources */ = {isa = PBXBuildFile; fileRef = BDF233272871EFB200DA1E25 /* Category.swift */; };
/* End PBXBuildFile section */

/* Begin PBXFileReference section */
		BD04C6182872EBB600410DD8 /* Casualties.swift */ = {isa = PBXFileReference; lastKnownFileType = sourcecode.swift; path = Casualties.swift; sourceTree = "<group>"; };
		BD04C61B2873030600410DD8 /* ListCollectionViewCell.swift */ = {isa = PBXFileReference; lastKnownFileType = sourcecode.swift; path = ListCollectionViewCell.swift; sourceTree = "<group>"; };
		BD04C61C2873030600410DD8 /* ListCollectionViewCell.xib */ = {isa = PBXFileReference; lastKnownFileType = file.xib; path = ListCollectionViewCell.xib; sourceTree = "<group>"; };
		BD04C62128731A1900410DD8 /* HeaderReusableView.swift */ = {isa = PBXFileReference; lastKnownFileType = sourcecode.swift; path = HeaderReusableView.swift; sourceTree = "<group>"; };
		BD04C62228731A1900410DD8 /* HeaderReusableView.xib */ = {isa = PBXFileReference; lastKnownFileType = file.xib; path = HeaderReusableView.xib; sourceTree = "<group>"; };
		BDB9896B28721B6E004FAE1A /* CustomError.swift */ = {isa = PBXFileReference; lastKnownFileType = sourcecode.swift; path = CustomError.swift; sourceTree = "<group>"; };
		BDF232E728718C1800DA1E25 /* RussianCasualtiesInTheWar2022.app */ = {isa = PBXFileReference; explicitFileType = wrapper.application; includeInIndex = 0; path = RussianCasualtiesInTheWar2022.app; sourceTree = BUILT_PRODUCTS_DIR; };
		BDF232EA28718C1800DA1E25 /* AppDelegate.swift */ = {isa = PBXFileReference; lastKnownFileType = sourcecode.swift; path = AppDelegate.swift; sourceTree = "<group>"; };
		BDF232EE28718C1800DA1E25 /* CategoryViewController.swift */ = {isa = PBXFileReference; lastKnownFileType = sourcecode.swift; path = CategoryViewController.swift; sourceTree = "<group>"; };
		BDF232F128718C1800DA1E25 /* Base */ = {isa = PBXFileReference; lastKnownFileType = file.storyboard; name = Base; path = Base.lproj/Main.storyboard; sourceTree = "<group>"; };
		BDF232F328718C1900DA1E25 /* Assets.xcassets */ = {isa = PBXFileReference; lastKnownFileType = folder.assetcatalog; path = Assets.xcassets; sourceTree = "<group>"; };
		BDF232F628718C1900DA1E25 /* Base */ = {isa = PBXFileReference; lastKnownFileType = file.storyboard; name = Base; path = Base.lproj/LaunchScreen.storyboard; sourceTree = "<group>"; };
		BDF232F828718C1900DA1E25 /* Info.plist */ = {isa = PBXFileReference; lastKnownFileType = text.plist.xml; path = Info.plist; sourceTree = "<group>"; };
		BDF2330228718DDD00DA1E25 /* DetailViewController.swift */ = {isa = PBXFileReference; lastKnownFileType = sourcecode.swift; path = DetailViewController.swift; sourceTree = "<group>"; };
		BDF2330828718E7F00DA1E25 /* ListViewController.swift */ = {isa = PBXFileReference; lastKnownFileType = sourcecode.swift; path = ListViewController.swift; sourceTree = "<group>"; };
		BDF2330F287194EF00DA1E25 /* AppCoordinator.swift */ = {isa = PBXFileReference; lastKnownFileType = sourcecode.swift; path = AppCoordinator.swift; sourceTree = "<group>"; };
		BDF233112871950600DA1E25 /* Storybordable.swift */ = {isa = PBXFileReference; lastKnownFileType = sourcecode.swift; path = Storybordable.swift; sourceTree = "<group>"; };
		BDF23313287195B100DA1E25 /* Coordinator.swift */ = {isa = PBXFileReference; lastKnownFileType = sourcecode.swift; path = Coordinator.swift; sourceTree = "<group>"; };
		BDF233162871B2E000DA1E25 /* Equipment.swift */ = {isa = PBXFileReference; lastKnownFileType = sourcecode.swift; path = Equipment.swift; sourceTree = "<group>"; };
		BDF233182871B2F200DA1E25 /* Personnel.swift */ = {isa = PBXFileReference; lastKnownFileType = sourcecode.swift; path = Personnel.swift; sourceTree = "<group>"; };
		BDF2331B2871C1D800DA1E25 /* DataManager.swift */ = {isa = PBXFileReference; lastKnownFileType = sourcecode.swift; path = DataManager.swift; sourceTree = "<group>"; };
		BDF2331D2871EBBC00DA1E25 /* russia_losses_personnel.json */ = {isa = PBXFileReference; fileEncoding = 4; lastKnownFileType = text.json; path = russia_losses_personnel.json; sourceTree = "<group>"; };
		BDF2331E2871EBBC00DA1E25 /* russia_losses_equipment.json */ = {isa = PBXFileReference; fileEncoding = 4; lastKnownFileType = text.json; path = russia_losses_equipment.json; sourceTree = "<group>"; };
		BDF233232871EE8800DA1E25 /* CategoryTableViewCell.swift */ = {isa = PBXFileReference; lastKnownFileType = sourcecode.swift; path = CategoryTableViewCell.swift; sourceTree = "<group>"; };
		BDF233242871EE8800DA1E25 /* CategoryTableViewCell.xib */ = {isa = PBXFileReference; lastKnownFileType = file.xib; path = CategoryTableViewCell.xib; sourceTree = "<group>"; };
		BDF233272871EFB200DA1E25 /* Category.swift */ = {isa = PBXFileReference; lastKnownFileType = sourcecode.swift; path = Category.swift; sourceTree = "<group>"; };
/* End PBXFileReference section */

/* Begin PBXFrameworksBuildPhase section */
		BDF232E428718C1800DA1E25 /* Frameworks */ = {
			isa = PBXFrameworksBuildPhase;
			buildActionMask = 2147483647;
			files = (
			);
			runOnlyForDeploymentPostprocessing = 0;
		};
/* End PBXFrameworksBuildPhase section */

/* Begin PBXGroup section */
		BD04C61A2873022E00410DD8 /* Models */ = {
			isa = PBXGroup;
			children = (
				BDF233272871EFB200DA1E25 /* Category.swift */,
			);
			path = Models;
			sourceTree = "<group>";
		};
		BD04C61F287307C100410DD8 /* ListCell */ = {
			isa = PBXGroup;
			children = (
				BD04C61B2873030600410DD8 /* ListCollectionViewCell.swift */,
				BD04C61C2873030600410DD8 /* ListCollectionViewCell.xib */,
			);
			path = ListCell;
			sourceTree = "<group>";
		};
		BD04C620287319E800410DD8 /* Header */ = {
			isa = PBXGroup;
			children = (
				BD04C62128731A1900410DD8 /* HeaderReusableView.swift */,
				BD04C62228731A1900410DD8 /* HeaderReusableView.xib */,
			);
			path = Header;
			sourceTree = "<group>";
		};
		BDF232DE28718C1800DA1E25 = {
			isa = PBXGroup;
			children = (
				BDF232E928718C1800DA1E25 /* RussianCasualtiesInTheWar2022 */,
				BDF232E828718C1800DA1E25 /* Products */,
			);
			sourceTree = "<group>";
		};
		BDF232E828718C1800DA1E25 /* Products */ = {
			isa = PBXGroup;
			children = (
				BDF232E728718C1800DA1E25 /* RussianCasualtiesInTheWar2022.app */,
			);
			name = Products;
			sourceTree = "<group>";
		};
		BDF232E928718C1800DA1E25 /* RussianCasualtiesInTheWar2022 */ = {
			isa = PBXGroup;
			children = (
				BDF2330128718D1900DA1E25 /* App */,
				BDF2331A2871BC9000DA1E25 /* DataManager */,
				BDF232FE28718CAD00DA1E25 /* Views */,
				BDF2330C287192DC00DA1E25 /* AppCoordinator */,
				BDF232F828718C1900DA1E25 /* Info.plist */,
			);
			path = RussianCasualtiesInTheWar2022;
			sourceTree = "<group>";
		};
		BDF232FE28718CAD00DA1E25 /* Views */ = {
			isa = PBXGroup;
			children = (
				BD04C61A2873022E00410DD8 /* Models */,
				BDF2330A28718E9300DA1E25 /* CategoryController */,
				BDF2330B28718EAA00DA1E25 /* ListController */,
				BDF2330228718DDD00DA1E25 /* DetailViewController.swift */,
			);
			path = Views;
			sourceTree = "<group>";
		};
		BDF232FF28718CBD00DA1E25 /* DataJson */ = {
			isa = PBXGroup;
			children = (
				BDF2331E2871EBBC00DA1E25 /* russia_losses_equipment.json */,
				BDF2331D2871EBBC00DA1E25 /* russia_losses_personnel.json */,
			);
			path = DataJson;
			sourceTree = "<group>";
		};
		BDF2330028718CF400DA1E25 /* Storyboards */ = {
			isa = PBXGroup;
			children = (
				BDF232F528718C1900DA1E25 /* LaunchScreen.storyboard */,
				BDF232F028718C1800DA1E25 /* Main.storyboard */,
			);
			path = Storyboards;
			sourceTree = "<group>";
		};
		BDF2330128718D1900DA1E25 /* App */ = {
			isa = PBXGroup;
			children = (
				BDF2330028718CF400DA1E25 /* Storyboards */,
				BDF232EA28718C1800DA1E25 /* AppDelegate.swift */,
				BDF232F328718C1900DA1E25 /* Assets.xcassets */,
			);
			path = App;
			sourceTree = "<group>";
		};
		BDF2330A28718E9300DA1E25 /* CategoryController */ = {
			isa = PBXGroup;
			children = (
				BDF232EE28718C1800DA1E25 /* CategoryViewController.swift */,
				BDF233292871F78F00DA1E25 /* Models */,
				BDF2330D2871931900DA1E25 /* Cell */,
			);
			path = CategoryController;
			sourceTree = "<group>";
		};
		BDF2330B28718EAA00DA1E25 /* ListController */ = {
			isa = PBXGroup;
			children = (
				BD04C620287319E800410DD8 /* Header */,
				BD04C61F287307C100410DD8 /* ListCell */,
				BDF2330828718E7F00DA1E25 /* ListViewController.swift */,
			);
			path = ListController;
			sourceTree = "<group>";
		};
		BDF2330C287192DC00DA1E25 /* AppCoordinator */ = {
			isa = PBXGroup;
			children = (
				BDF23313287195B100DA1E25 /* Coordinator.swift */,
				BDF2330F287194EF00DA1E25 /* AppCoordinator.swift */,
				BDF233112871950600DA1E25 /* Storybordable.swift */,
			);
			path = AppCoordinator;
			sourceTree = "<group>";
		};
		BDF2330D2871931900DA1E25 /* Cell */ = {
			isa = PBXGroup;
			children = (
				BDF233232871EE8800DA1E25 /* CategoryTableViewCell.swift */,
				BDF233242871EE8800DA1E25 /* CategoryTableViewCell.xib */,
			);
			path = Cell;
			sourceTree = "<group>";
		};
		BDF233152871B2B300DA1E25 /* Models */ = {
			isa = PBXGroup;
			children = (
				BD04C6182872EBB600410DD8 /* Casualties.swift */,
				BDF233162871B2E000DA1E25 /* Equipment.swift */,
				BDF233182871B2F200DA1E25 /* Personnel.swift */,
				BDB9896B28721B6E004FAE1A /* CustomError.swift */,
			);
			path = Models;
			sourceTree = "<group>";
		};
		BDF2331A2871BC9000DA1E25 /* DataManager */ = {
			isa = PBXGroup;
			children = (
				BDF233152871B2B300DA1E25 /* Models */,
				BDF232FF28718CBD00DA1E25 /* DataJson */,
				BDF2331B2871C1D800DA1E25 /* DataManager.swift */,
			);
			path = DataManager;
			sourceTree = "<group>";
		};
		BDF233292871F78F00DA1E25 /* Models */ = {
			isa = PBXGroup;
			children = (
			);
			path = Models;
			sourceTree = "<group>";
		};
/* End PBXGroup section */

/* Begin PBXNativeTarget section */
		BDF232E628718C1800DA1E25 /* RussianCasualtiesInTheWar2022 */ = {
			isa = PBXNativeTarget;
			buildConfigurationList = BDF232FB28718C1900DA1E25 /* Build configuration list for PBXNativeTarget "RussianCasualtiesInTheWar2022" */;
			buildPhases = (
				BDF232E328718C1800DA1E25 /* Sources */,
				BDF232E428718C1800DA1E25 /* Frameworks */,
				BDF232E528718C1800DA1E25 /* Resources */,
			);
			buildRules = (
			);
			dependencies = (
			);
			name = RussianCasualtiesInTheWar2022;
			productName = RussianCasualtiesInTheWar2022;
			productReference = BDF232E728718C1800DA1E25 /* RussianCasualtiesInTheWar2022.app */;
			productType = "com.apple.product-type.application";
		};
/* End PBXNativeTarget section */

/* Begin PBXProject section */
		BDF232DF28718C1800DA1E25 /* Project object */ = {
			isa = PBXProject;
			attributes = {
				BuildIndependentTargetsInParallel = 1;
				LastSwiftUpdateCheck = 1330;
				LastUpgradeCheck = 1330;
				TargetAttributes = {
					BDF232E628718C1800DA1E25 = {
						CreatedOnToolsVersion = 13.3;
					};
				};
			};
			buildConfigurationList = BDF232E228718C1800DA1E25 /* Build configuration list for PBXProject "RussianCasualtiesInTheWar2022" */;
			compatibilityVersion = "Xcode 13.0";
			developmentRegion = en;
			hasScannedForEncodings = 0;
			knownRegions = (
				en,
				Base,
			);
			mainGroup = BDF232DE28718C1800DA1E25;
			productRefGroup = BDF232E828718C1800DA1E25 /* Products */;
			projectDirPath = "";
			projectRoot = "";
			targets = (
				BDF232E628718C1800DA1E25 /* RussianCasualtiesInTheWar2022 */,
			);
		};
/* End PBXProject section */

/* Begin PBXResourcesBuildPhase section */
		BDF232E528718C1800DA1E25 /* Resources */ = {
			isa = PBXResourcesBuildPhase;
			buildActionMask = 2147483647;
			files = (
				BDF2331F2871EBBC00DA1E25 /* russia_losses_personnel.json in Resources */,
				BD04C61E2873030600410DD8 /* ListCollectionViewCell.xib in Resources */,
				BDF232F728718C1900DA1E25 /* LaunchScreen.storyboard in Resources */,
				BDF232F428718C1900DA1E25 /* Assets.xcassets in Resources */,
				BDF233262871EE8800DA1E25 /* CategoryTableViewCell.xib in Resources */,
				BDF233202871EBBC00DA1E25 /* russia_losses_equipment.json in Resources */,
				BD04C62428731A1900410DD8 /* HeaderReusableView.xib in Resources */,
				BDF232F228718C1800DA1E25 /* Main.storyboard in Resources */,
			);
			runOnlyForDeploymentPostprocessing = 0;
		};
/* End PBXResourcesBuildPhase section */

/* Begin PBXSourcesBuildPhase section */
		BDF232E328718C1800DA1E25 /* Sources */ = {
			isa = PBXSourcesBuildPhase;
			buildActionMask = 2147483647;
			files = (
				BDF23310287194EF00DA1E25 /* AppCoordinator.swift in Sources */,
				BDF2331C2871C1D800DA1E25 /* DataManager.swift in Sources */,
				BDB9896C28721B6E004FAE1A /* CustomError.swift in Sources */,
				BDF232EF28718C1800DA1E25 /* CategoryViewController.swift in Sources */,
				BDF233192871B2F200DA1E25 /* Personnel.swift in Sources */,
				BDF233172871B2E000DA1E25 /* Equipment.swift in Sources */,
				BD04C61D2873030600410DD8 /* ListCollectionViewCell.swift in Sources */,
				BDF232EB28718C1800DA1E25 /* AppDelegate.swift in Sources */,
				BDF233252871EE8800DA1E25 /* CategoryTableViewCell.swift in Sources */,
				BDF2330928718E7F00DA1E25 /* ListViewController.swift in Sources */,
				BD04C62328731A1900410DD8 /* HeaderReusableView.swift in Sources */,
				BD04C6192872EBB600410DD8 /* Casualties.swift in Sources */,
				BDF23314287195B100DA1E25 /* Coordinator.swift in Sources */,
				BDF233122871950600DA1E25 /* Storybordable.swift in Sources */,
				BDF2330328718DDD00DA1E25 /* DetailViewController.swift in Sources */,
				BDF233282871EFB200DA1E25 /* Category.swift in Sources */,
			);
			runOnlyForDeploymentPostprocessing = 0;
		};
/* End PBXSourcesBuildPhase section */

/* Begin PBXVariantGroup section */
		BDF232F028718C1800DA1E25 /* Main.storyboard */ = {
			isa = PBXVariantGroup;
			children = (
				BDF232F128718C1800DA1E25 /* Base */,
			);
			name = Main.storyboard;
			sourceTree = "<group>";
		};
		BDF232F528718C1900DA1E25 /* LaunchScreen.storyboard */ = {
			isa = PBXVariantGroup;
			children = (
				BDF232F628718C1900DA1E25 /* Base */,
			);
			name = LaunchScreen.storyboard;
			sourceTree = "<group>";
		};
/* End PBXVariantGroup section */

/* Begin XCBuildConfiguration section */
		BDF232F928718C1900DA1E25 /* Debug */ = {
			isa = XCBuildConfiguration;
			buildSettings = {
				ALWAYS_SEARCH_USER_PATHS = NO;
				CLANG_ANALYZER_NONNULL = YES;
				CLANG_ANALYZER_NUMBER_OBJECT_CONVERSION = YES_AGGRESSIVE;
				CLANG_CXX_LANGUAGE_STANDARD = "gnu++17";
				CLANG_ENABLE_MODULES = YES;
				CLANG_ENABLE_OBJC_ARC = YES;
				CLANG_ENABLE_OBJC_WEAK = YES;
				CLANG_WARN_BLOCK_CAPTURE_AUTORELEASING = YES;
				CLANG_WARN_BOOL_CONVERSION = YES;
				CLANG_WARN_COMMA = YES;
				CLANG_WARN_CONSTANT_CONVERSION = YES;
				CLANG_WARN_DEPRECATED_OBJC_IMPLEMENTATIONS = YES;
				CLANG_WARN_DIRECT_OBJC_ISA_USAGE = YES_ERROR;
				CLANG_WARN_DOCUMENTATION_COMMENTS = YES;
				CLANG_WARN_EMPTY_BODY = YES;
				CLANG_WARN_ENUM_CONVERSION = YES;
				CLANG_WARN_INFINITE_RECURSION = YES;
				CLANG_WARN_INT_CONVERSION = YES;
				CLANG_WARN_NON_LITERAL_NULL_CONVERSION = YES;
				CLANG_WARN_OBJC_IMPLICIT_RETAIN_SELF = YES;
				CLANG_WARN_OBJC_LITERAL_CONVERSION = YES;
				CLANG_WARN_OBJC_ROOT_CLASS = YES_ERROR;
				CLANG_WARN_QUOTED_INCLUDE_IN_FRAMEWORK_HEADER = YES;
				CLANG_WARN_RANGE_LOOP_ANALYSIS = YES;
				CLANG_WARN_STRICT_PROTOTYPES = YES;
				CLANG_WARN_SUSPICIOUS_MOVE = YES;
				CLANG_WARN_UNGUARDED_AVAILABILITY = YES_AGGRESSIVE;
				CLANG_WARN_UNREACHABLE_CODE = YES;
				CLANG_WARN__DUPLICATE_METHOD_MATCH = YES;
				COPY_PHASE_STRIP = NO;
				DEBUG_INFORMATION_FORMAT = dwarf;
				ENABLE_STRICT_OBJC_MSGSEND = YES;
				ENABLE_TESTABILITY = YES;
				GCC_C_LANGUAGE_STANDARD = gnu11;
				GCC_DYNAMIC_NO_PIC = NO;
				GCC_NO_COMMON_BLOCKS = YES;
				GCC_OPTIMIZATION_LEVEL = 0;
				GCC_PREPROCESSOR_DEFINITIONS = (
					"DEBUG=1",
					"$(inherited)",
				);
				GCC_WARN_64_TO_32_BIT_CONVERSION = YES;
				GCC_WARN_ABOUT_RETURN_TYPE = YES_ERROR;
				GCC_WARN_UNDECLARED_SELECTOR = YES;
				GCC_WARN_UNINITIALIZED_AUTOS = YES_AGGRESSIVE;
				GCC_WARN_UNUSED_FUNCTION = YES;
				GCC_WARN_UNUSED_VARIABLE = YES;
				IPHONEOS_DEPLOYMENT_TARGET = 15.4;
				MTL_ENABLE_DEBUG_INFO = INCLUDE_SOURCE;
				MTL_FAST_MATH = YES;
				ONLY_ACTIVE_ARCH = YES;
				SDKROOT = iphoneos;
				SWIFT_ACTIVE_COMPILATION_CONDITIONS = DEBUG;
				SWIFT_OPTIMIZATION_LEVEL = "-Onone";
			};
			name = Debug;
		};
		BDF232FA28718C1900DA1E25 /* Release */ = {
			isa = XCBuildConfiguration;
			buildSettings = {
				ALWAYS_SEARCH_USER_PATHS = NO;
				CLANG_ANALYZER_NONNULL = YES;
				CLANG_ANALYZER_NUMBER_OBJECT_CONVERSION = YES_AGGRESSIVE;
				CLANG_CXX_LANGUAGE_STANDARD = "gnu++17";
				CLANG_ENABLE_MODULES = YES;
				CLANG_ENABLE_OBJC_ARC = YES;
				CLANG_ENABLE_OBJC_WEAK = YES;
				CLANG_WARN_BLOCK_CAPTURE_AUTORELEASING = YES;
				CLANG_WARN_BOOL_CONVERSION = YES;
				CLANG_WARN_COMMA = YES;
				CLANG_WARN_CONSTANT_CONVERSION = YES;
				CLANG_WARN_DEPRECATED_OBJC_IMPLEMENTATIONS = YES;
				CLANG_WARN_DIRECT_OBJC_ISA_USAGE = YES_ERROR;
				CLANG_WARN_DOCUMENTATION_COMMENTS = YES;
				CLANG_WARN_EMPTY_BODY = YES;
				CLANG_WARN_ENUM_CONVERSION = YES;
				CLANG_WARN_INFINITE_RECURSION = YES;
				CLANG_WARN_INT_CONVERSION = YES;
				CLANG_WARN_NON_LITERAL_NULL_CONVERSION = YES;
				CLANG_WARN_OBJC_IMPLICIT_RETAIN_SELF = YES;
				CLANG_WARN_OBJC_LITERAL_CONVERSION = YES;
				CLANG_WARN_OBJC_ROOT_CLASS = YES_ERROR;
				CLANG_WARN_QUOTED_INCLUDE_IN_FRAMEWORK_HEADER = YES;
				CLANG_WARN_RANGE_LOOP_ANALYSIS = YES;
				CLANG_WARN_STRICT_PROTOTYPES = YES;
				CLANG_WARN_SUSPICIOUS_MOVE = YES;
				CLANG_WARN_UNGUARDED_AVAILABILITY = YES_AGGRESSIVE;
				CLANG_WARN_UNREACHABLE_CODE = YES;
				CLANG_WARN__DUPLICATE_METHOD_MATCH = YES;
				COPY_PHASE_STRIP = NO;
				DEBUG_INFORMATION_FORMAT = "dwarf-with-dsym";
				ENABLE_NS_ASSERTIONS = NO;
				ENABLE_STRICT_OBJC_MSGSEND = YES;
				GCC_C_LANGUAGE_STANDARD = gnu11;
				GCC_NO_COMMON_BLOCKS = YES;
				GCC_WARN_64_TO_32_BIT_CONVERSION = YES;
				GCC_WARN_ABOUT_RETURN_TYPE = YES_ERROR;
				GCC_WARN_UNDECLARED_SELECTOR = YES;
				GCC_WARN_UNINITIALIZED_AUTOS = YES_AGGRESSIVE;
				GCC_WARN_UNUSED_FUNCTION = YES;
				GCC_WARN_UNUSED_VARIABLE = YES;
				IPHONEOS_DEPLOYMENT_TARGET = 15.4;
				MTL_ENABLE_DEBUG_INFO = NO;
				MTL_FAST_MATH = YES;
				SDKROOT = iphoneos;
				SWIFT_COMPILATION_MODE = wholemodule;
				SWIFT_OPTIMIZATION_LEVEL = "-O";
				VALIDATE_PRODUCT = YES;
			};
			name = Release;
		};
		BDF232FC28718C1900DA1E25 /* Debug */ = {
			isa = XCBuildConfiguration;
			buildSettings = {
				ASSETCATALOG_COMPILER_APPICON_NAME = AppIcon;
				ASSETCATALOG_COMPILER_GLOBAL_ACCENT_COLOR_NAME = AccentColor;
				CODE_SIGN_STYLE = Automatic;
				CURRENT_PROJECT_VERSION = 1;
				DEVELOPMENT_TEAM = YPXDVQFQ53;
				GENERATE_INFOPLIST_FILE = YES;
				INFOPLIST_FILE = RussianCasualtiesInTheWar2022/Info.plist;
				INFOPLIST_KEY_UIApplicationSupportsIndirectInputEvents = YES;
				INFOPLIST_KEY_UILaunchStoryboardName = LaunchScreen;
				INFOPLIST_KEY_UISupportedInterfaceOrientations_iPad = "UIInterfaceOrientationPortrait UIInterfaceOrientationPortraitUpsideDown UIInterfaceOrientationLandscapeLeft UIInterfaceOrientationLandscapeRight";
				INFOPLIST_KEY_UISupportedInterfaceOrientations_iPhone = "UIInterfaceOrientationPortrait UIInterfaceOrientationLandscapeLeft UIInterfaceOrientationLandscapeRight";
				LD_RUNPATH_SEARCH_PATHS = (
					"$(inherited)",
					"@executable_path/Frameworks",
				);
				MARKETING_VERSION = 1.0;
				PRODUCT_BUNDLE_IDENTIFIER = RussianCasualtiesInTheWar2022;
				PRODUCT_NAME = "$(TARGET_NAME)";
				SWIFT_EMIT_LOC_STRINGS = YES;
				SWIFT_VERSION = 5.0;
				TARGETED_DEVICE_FAMILY = "1,2";
			};
			name = Debug;
		};
		BDF232FD28718C1900DA1E25 /* Release */ = {
			isa = XCBuildConfiguration;
			buildSettings = {
				ASSETCATALOG_COMPILER_APPICON_NAME = AppIcon;
				ASSETCATALOG_COMPILER_GLOBAL_ACCENT_COLOR_NAME = AccentColor;
				CODE_SIGN_STYLE = Automatic;
				CURRENT_PROJECT_VERSION = 1;
				DEVELOPMENT_TEAM = YPXDVQFQ53;
				GENERATE_INFOPLIST_FILE = YES;
				INFOPLIST_FILE = RussianCasualtiesInTheWar2022/Info.plist;
				INFOPLIST_KEY_UIApplicationSupportsIndirectInputEvents = YES;
				INFOPLIST_KEY_UILaunchStoryboardName = LaunchScreen;
				INFOPLIST_KEY_UISupportedInterfaceOrientations_iPad = "UIInterfaceOrientationPortrait UIInterfaceOrientationPortraitUpsideDown UIInterfaceOrientationLandscapeLeft UIInterfaceOrientationLandscapeRight";
				INFOPLIST_KEY_UISupportedInterfaceOrientations_iPhone = "UIInterfaceOrientationPortrait UIInterfaceOrientationLandscapeLeft UIInterfaceOrientationLandscapeRight";
				LD_RUNPATH_SEARCH_PATHS = (
					"$(inherited)",
					"@executable_path/Frameworks",
				);
				MARKETING_VERSION = 1.0;
				PRODUCT_BUNDLE_IDENTIFIER = RussianCasualtiesInTheWar2022;
				PRODUCT_NAME = "$(TARGET_NAME)";
				SWIFT_EMIT_LOC_STRINGS = YES;
				SWIFT_VERSION = 5.0;
				TARGETED_DEVICE_FAMILY = "1,2";
			};
			name = Release;
		};
/* End XCBuildConfiguration section */

/* Begin XCConfigurationList section */
		BDF232E228718C1800DA1E25 /* Build configuration list for PBXProject "RussianCasualtiesInTheWar2022" */ = {
			isa = XCConfigurationList;
			buildConfigurations = (
				BDF232F928718C1900DA1E25 /* Debug */,
				BDF232FA28718C1900DA1E25 /* Release */,
			);
			defaultConfigurationIsVisible = 0;
			defaultConfigurationName = Release;
		};
		BDF232FB28718C1900DA1E25 /* Build configuration list for PBXNativeTarget "RussianCasualtiesInTheWar2022" */ = {
			isa = XCConfigurationList;
			buildConfigurations = (
				BDF232FC28718C1900DA1E25 /* Debug */,
				BDF232FD28718C1900DA1E25 /* Release */,
			);
			defaultConfigurationIsVisible = 0;
			defaultConfigurationName = Release;
		};
/* End XCConfigurationList section */
	};
	rootObject = BDF232DF28718C1800DA1E25 /* Project object */;
}
